
Microsoft Visual Studio Solution File, Format Version 12.00
# Visual Studio Version 16
VisualStudioVersion = 16.0.29519.87
MinimumVisualStudioVersion = 10.0.40219.1
Project("{9A19103F-16F7-4668-BE54-9A1E7A4F7556}") = "FluentOptionsValidation.SampleApp", "src\FluentOptionsValidation.SampleApp\FluentOptionsValidation.SampleApp.csproj", "{221CBC33-69BA-4D4F-A9D7-C34F0602B502}"
EndProject
Project("{9A19103F-16F7-4668-BE54-9A1E7A4F7556}") = "FluentOptionsValidation", "src\FluentOptionsValidation\FluentOptionsValidation.csproj", "{92D94505-D2AB-4141-940F-7D9FB7CFD550}"
EndProject
Project("{FAE04EC0-301F-11D3-BF4B-00C04F79EFBC}") = "FluentOptionsValidation.SampleWorkerApp", "src\FluentOptionsValidation.SampleWorkerApp\FluentOptionsValidation.SampleWorkerApp.csproj", "{D7A472D4-71A7-4F5E-80F7-298054FDF35B}"
EndProject
Project("{FAE04EC0-301F-11D3-BF4B-00C04F79EFBC}") = "FluentOptionsValidation.SampleAppDomain", "src\FluentOptionsValidation.SampleAppDomain\FluentOptionsValidation.SampleAppDomain.csproj", "{13C9F8B9-2E2C-424A-B6AD-4E5FD96AA00C}"
EndProject
Global
	GlobalSection(SolutionConfigurationPlatforms) = preSolution
		Debug|Any CPU = Debug|Any CPU
		Release|Any CPU = Release|Any CPU
	EndGlobalSection
	GlobalSection(ProjectConfigurationPlatforms) = postSolution
		{221CBC33-69BA-4D4F-A9D7-C34F0602B502}.Debug|Any CPU.ActiveCfg = Debug|Any CPU
		{221CBC33-69BA-4D4F-A9D7-C34F0602B502}.Debug|Any CPU.Build.0 = Debug|Any CPU
		{221CBC33-69BA-4D4F-A9D7-C34F0602B502}.Release|Any CPU.ActiveCfg = Release|Any CPU
		{221CBC33-69BA-4D4F-A9D7-C34F0602B502}.Release|Any CPU.Build.0 = Release|Any CPU
		{92D94505-D2AB-4141-940F-7D9FB7CFD550}.Debug|Any CPU.ActiveCfg = Debug|Any CPU
		{92D94505-D2AB-4141-940F-7D9FB7CFD550}.Debug|Any CPU.Build.0 = Debug|Any CPU
		{92D94505-D2AB-4141-940F-7D9FB7CFD550}.Release|Any CPU.ActiveCfg = Release|Any CPU
		{92D94505-D2AB-4141-940F-7D9FB7CFD550}.Release|Any CPU.Build.0 = Release|Any CPU
		{D7A472D4-71A7-4F5E-80F7-298054FDF35B}.Debug|Any CPU.ActiveCfg = Debug|Any CPU
		{D7A472D4-71A7-4F5E-80F7-298054FDF35B}.Debug|Any CPU.Build.0 = Debug|Any CPU
		{D7A472D4-71A7-4F5E-80F7-298054FDF35B}.Release|Any CPU.ActiveCfg = Release|Any CPU
		{D7A472D4-71A7-4F5E-80F7-298054FDF35B}.Release|Any CPU.Build.0 = Release|Any CPU
		{13C9F8B9-2E2C-424A-B6AD-4E5FD96AA00C}.Debug|Any CPU.ActiveCfg = Debug|Any CPU
		{13C9F8B9-2E2C-424A-B6AD-4E5FD96AA00C}.Debug|Any CPU.Build.0 = Debug|Any CPU
		{13C9F8B9-2E2C-424A-B6AD-4E5FD96AA00C}.Release|Any CPU.ActiveCfg = Release|Any CPU
		{13C9F8B9-2E2C-424A-B6AD-4E5FD96AA00C}.Release|Any CPU.Build.0 = Release|Any CPU
	EndGlobalSection
	GlobalSection(SolutionProperties) = preSolution
		HideSolutionNode = FALSE
	EndGlobalSection
	GlobalSection(ExtensibilityGlobals) = postSolution
		SolutionGuid = {4AA131EA-0973-4A01-9F82-6F0B53AB14DA}
	EndGlobalSection
EndGlobal
